// !$*UTF8*$!
{
	archiveVersion = 1;
	classes = {
	};
	objectVersion = 77;
	objects = {

/* Begin PBXContainerItemProxy section */
		20BC174E2F1E81E00016F6C5 /* PBXContainerItemProxy */ = {
			isa = PBXContainerItemProxy;
			containerPortal = 20BC172F2F1E81E00016F6C5 /* Project object */;
			proxyType = 1;
			remoteGlobalIDString = 20BC17362F1E81E00016F6C5;
			remoteInfo = deosinaPW4;
		};
		20BC17582F1E81E00016F6C5 /* PBXContainerItemProxy */ = {
			isa = PBXContainerItemProxy;
			containerPortal = 20BC172F2F1E81E00016F6C5 /* Project object */;
			proxyType = 1;
			remoteGlobalIDString = 20BC17362F1E81E00016F6C5;
			remoteInfo = deosinaPW4;
		};
/* End PBXContainerItemProxy section */

/* Begin PBXFileReference section */
		20BC17372F1E81E00016F6C5 /* deosinaPW4.app */ = {isa = PBXFileReference; explicitFileType = wrapper.application; includeInIndex = 0; path = deosinaPW4.app; sourceTree = BUILT_PRODUCTS_DIR; };
		20BC174D2F1E81E00016F6C5 /* deosinaPW4Tests.xctest */ = {isa = PBXFileReference; explicitFileType = wrapper.cfbundle; includeInIndex = 0; path = deosinaPW4Tests.xctest; sourceTree = BUILT_PRODUCTS_DIR; };
		20BC17572F1E81E00016F6C5 /* deosinaPW4UITests.xctest */ = {isa = PBXFileReference; explicitFileType = wrapper.cfbundle; includeInIndex = 0; path = deosinaPW4UITests.xctest; sourceTree = BUILT_PRODUCTS_DIR; };
/* End PBXFileReference section */

/* Begin PBXFileSystemSynchronizedBuildFileExceptionSet section */
		20BC175F2F1E81E00016F6C5 /* Exceptions for "deosinaPW4" folder in "deosinaPW4" target */ = {
			isa = PBXFileSystemSynchronizedBuildFileExceptionSet;
			membershipExceptions = (
				Info.plist,
			);
			target = 20BC17362F1E81E00016F6C5 /* deosinaPW4 */;
		};
/* End PBXFileSystemSynchronizedBuildFileExceptionSet section */

/* Begin PBXFileSystemSynchronizedRootGroup section */
		20BC17392F1E81E00016F6C5 /* deosinaPW4 */ = {
			isa = PBXFileSystemSynchronizedRootGroup;
			exceptions = (
				20BC175F2F1E81E00016F6C5 /* Exceptions for "deosinaPW4" folder in "deosinaPW4" target */,
			);
			path = deosinaPW4;
			sourceTree = "<group>";
		};
		20BC17502F1E81E00016F6C5 /* deosinaPW4Tests */ = {
			isa = PBXFileSystemSynchronizedRootGroup;
			path = deosinaPW4Tests;
			sourceTree = "<group>";
		};
		20BC175A2F1E81E00016F6C5 /* deosinaPW4UITests */ = {
			isa = PBXFileSystemSynchronizedRootGroup;
			path = deosinaPW4UITests;
			sourceTree = "<group>";
		};
/* End PBXFileSystemSynchronizedRootGroup section */

/* Begin PBXFrameworksBuildPhase section */
		20BC17342F1E81E00016F6C5 /* Frameworks */ = {
			isa = PBXFrameworksBuildPhase;
			buildActionMask = 2147483647;
			files = (
			);
			runOnlyForDeploymentPostprocessing = 0;
		};
		20BC174A2F1E81E00016F6C5 /* Frameworks */ = {
			isa = PBXFrameworksBuildPhase;
			buildActionMask = 2147483647;
			files = (
			);
			runOnlyForDeploymentPostprocessing = 0;
		};
		20BC17542F1E81E00016F6C5 /* Frameworks */ = {
			isa = PBXFrameworksBuildPhase;
			buildActionMask = 2147483647;
			files = (
			);
			runOnlyForDeploymentPostprocessing = 0;
		};
/* End PBXFrameworksBuildPhase section */

/* Begin PBXGroup section */
		20BC172E2F1E81DF0016F6C5 = {
			isa = PBXGroup;
			children = (
				20BC17392F1E81E00016F6C5 /* deosinaPW4 */,
				20BC17502F1E81E00016F6C5 /* deosinaPW4Tests */,
				20BC175A2F1E81E00016F6C5 /* deosinaPW4UITests */,
				20BC17382F1E81E00016F6C5 /* Products */,
			);
			sourceTree = "<group>";
		};
		20BC17382F1E81E00016F6C5 /* Products */ = {
			isa = PBXGroup;
			children = (
				20BC17372F1E81E00016F6C5 /* deosinaPW4.app */,
				20BC174D2F1E81E00016F6C5 /* deosinaPW4Tests.xctest */,
				20BC17572F1E81E00016F6C5 /* deosinaPW4UITests.xctest */,
			);
			name = Products;
			sourceTree = "<group>";
		};
/* End PBXGroup section */

/* Begin PBXNativeTarget section */
		20BC17362F1E81E00016F6C5 /* deosinaPW4 */ = {
			isa = PBXNativeTarget;
			buildConfigurationList = 20BC17602F1E81E00016F6C5 /* Build configuration list for PBXNativeTarget "deosinaPW4" */;
			buildPhases = (
				20BC17332F1E81E00016F6C5 /* Sources */,
				20BC17342F1E81E00016F6C5 /* Frameworks */,
				20BC17352F1E81E00016F6C5 /* Resources */,
			);
			buildRules = (
			);
			dependencies = (
			);
			fileSystemSynchronizedGroups = (
				20BC17392F1E81E00016F6C5 /* deosinaPW4 */,
			);
			name = deosinaPW4;
			packageProductDependencies = (
			);
			productName = deosinaPW4;
			productReference = 20BC17372F1E81E00016F6C5 /* deosinaPW4.app */;
			productType = "com.apple.product-type.application";
		};
		20BC174C2F1E81E00016F6C5 /* deosinaPW4Tests */ = {
			isa = PBXNativeTarget;
			buildConfigurationList = 20BC17652F1E81E00016F6C5 /* Build configuration list for PBXNativeTarget "deosinaPW4Tests" */;
			buildPhases = (
				20BC17492F1E81E00016F6C5 /* Sources */,
				20BC174A2F1E81E00016F6C5 /* Frameworks */,
				20BC174B2F1E81E00016F6C5 /* Resources */,
			);
			buildRules = (
			);
			dependencies = (
				20BC174F2F1E81E00016F6C5 /* PBXTargetDependency */,
			);
			fileSystemSynchronizedGroups = (
				20BC17502F1E81E00016F6C5 /* deosinaPW4Tests */,
			);
			name = deosinaPW4Tests;
			packageProductDependencies = (
			);
			productName = deosinaPW4Tests;
			productReference = 20BC174D2F1E81E00016F6C5 /* deosinaPW4Tests.xctest */;
			productType = "com.apple.product-type.bundle.unit-test";
		};
		20BC17562F1E81E00016F6C5 /* deosinaPW4UITests */ = {
			isa = PBXNativeTarget;
			buildConfigurationList = 20BC17682F1E81E00016F6C5 /* Build configuration list for PBXNativeTarget "deosinaPW4UITests" */;
			buildPhases = (
				20BC17532F1E81E00016F6C5 /* Sources */,
				20BC17542F1E81E00016F6C5 /* Frameworks */,
				20BC17552F1E81E00016F6C5 /* Resources */,
			);
			buildRules = (
			);
			dependencies = (
				20BC17592F1E81E00016F6C5 /* PBXTargetDependency */,
			);
			fileSystemSynchronizedGroups = (
				20BC175A2F1E81E00016F6C5 /* deosinaPW4UITests */,
			);
			name = deosinaPW4UITests;
			packageProductDependencies = (
			);
			productName = deosinaPW4UITests;
			productReference = 20BC17572F1E81E00016F6C5 /* deosinaPW4UITests.xctest */;
			productType = "com.apple.product-type.bundle.ui-testing";
		};
/* End PBXNativeTarget section */

/* Begin PBXProject section */
		20BC172F2F1E81E00016F6C5 /* Project object */ = {
			isa = PBXProject;
			attributes = {
				BuildIndependentTargetsInParallel = 1;
				LastSwiftUpdateCheck = 1640;
				LastUpgradeCheck = 1640;
				TargetAttributes = {
					20BC17362F1E81E00016F6C5 = {
						CreatedOnToolsVersion = 16.4;
					};
					20BC174C2F1E81E00016F6C5 = {
						CreatedOnToolsVersion = 16.4;
						TestTargetID = 20BC17362F1E81E00016F6C5;
					};
					20BC17562F1E81E00016F6C5 = {
						CreatedOnToolsVersion = 16.4;
						TestTargetID = 20BC17362F1E81E00016F6C5;
					};
				};
			};
			buildConfigurationList = 20BC17322F1E81E00016F6C5 /* Build configuration list for PBXProject "deosinaPW4" */;
			developmentRegion = en;
			hasScannedForEncodings = 0;
			knownRegions = (
				en,
				Base,
			);
			mainGroup = 20BC172E2F1E81DF0016F6C5;
			minimizedProjectReferenceProxies = 1;
			preferredProjectObjectVersion = 77;
			productRefGroup = 20BC17382F1E81E00016F6C5 /* Products */;
			projectDirPath = "";
			projectRoot = "";
			targets = (
				20BC17362F1E81E00016F6C5 /* deosinaPW4 */,
				20BC174C2F1E81E00016F6C5 /* deosinaPW4Tests */,
				20BC17562F1E81E00016F6C5 /* deosinaPW4UITests */,
			);
		};
/* End PBXProject section */

/* Begin PBXResourcesBuildPhase section */
		20BC17352F1E81E00016F6C5 /* Resources */ = {
			isa = PBXResourcesBuildPhase;
			buildActionMask = 2147483647;
			files = (
			);
			runOnlyForDeploymentPostprocessing = 0;
		};
		20BC174B2F1E81E00016F6C5 /* Resources */ = {
			isa = PBXResourcesBuildPhase;
			buildActionMask = 2147483647;
			files = (
			);
			runOnlyForDeploymentPostprocessing = 0;
		};
		20BC17552F1E81E00016F6C5 /* Resources */ = {
			isa = PBXResourcesBuildPhase;
			buildActionMask = 2147483647;
			files = (
			);
			runOnlyForDeploymentPostprocessing = 0;
		};
/* End PBXResourcesBuildPhase section */

/* Begin PBXSourcesBuildPhase section */
		20BC17332F1E81E00016F6C5 /* Sources */ = {
			isa = PBXSourcesBuildPhase;
			buildActionMask = 2147483647;
			files = (
			);
			runOnlyForDeploymentPostprocessing = 0;
		};
		20BC17492F1E81E00016F6C5 /* Sources */ = {
			isa = PBXSourcesBuildPhase;
			buildActionMask = 2147483647;
			files = (
			);
			runOnlyForDeploymentPostprocessing = 0;
		};
		20BC17532F1E81E00016F6C5 /* Sources */ = {
			isa = PBXSourcesBuildPhase;
			buildActionMask = 2147483647;
			files = (
			);
			runOnlyForDeploymentPostprocessing = 0;
		};
/* End PBXSourcesBuildPhase section */

/* Begin PBXTargetDependency section */
		20BC174F2F1E81E00016F6C5 /* PBXTargetDependency */ = {
			isa = PBXTargetDependency;
			target = 20BC17362F1E81E00016F6C5 /* deosinaPW4 */;
			targetProxy = 20BC174E2F1E81E00016F6C5 /* PBXContainerItemProxy */;
		};
		20BC17592F1E81E00016F6C5 /* PBXTargetDependency */ = {
			isa = PBXTargetDependency;
			target = 20BC17362F1E81E00016F6C5 /* deosinaPW4 */;
			targetProxy = 20BC17582F1E81E00016F6C5 /* PBXContainerItemProxy */;
		};
/* End PBXTargetDependency section */

/* Begin XCBuildConfiguration section */
		20BC17612F1E81E00016F6C5 /* Debug */ = {
			isa = XCBuildConfiguration;
			buildSettings = {
				ASSETCATALOG_COMPILER_APPICON_NAME = AppIcon;
				ASSETCATALOG_COMPILER_GLOBAL_ACCENT_COLOR_NAME = AccentColor;
				CODE_SIGN_STYLE = Automatic;
				CURRENT_PROJECT_VERSION = 1;
				GENERATE_INFOPLIST_FILE = YES;
				INFOPLIST_FILE = deosinaPW4/Info.plist;
				INFOPLIST_KEY_UIApplicationSupportsIndirectInputEvents = YES;
				INFOPLIST_KEY_UILaunchStoryboardName = LaunchScreen;
				INFOPLIST_KEY_UISupportedInterfaceOrientations_iPad = "UIInterfaceOrientationPortrait UIInterfaceOrientationPortraitUpsideDown UIInterfaceOrientationLandscapeLeft UIInterfaceOrientationLandscapeRight";
				INFOPLIST_KEY_UISupportedInterfaceOrientations_iPhone = "UIInterfaceOrientationPortrait UIInterfaceOrientationLandscapeLeft UIInterfaceOrientationLandscapeRight";
				LD_RUNPATH_SEARCH_PATHS = (
					"$(inherited)",
					"@executable_path/Frameworks",
				);
				MARKETING_VERSION = 1.0;
				PRODUCT_BUNDLE_IDENTIFIER = IOS.deosinaPW4;
				PRODUCT_NAME = "$(TARGET_NAME)";
				SWIFT_EMIT_LOC_STRINGS = YES;
				SWIFT_VERSION = 5.0;
				TARGETED_DEVICE_FAMILY = "1,2";
			};
			name = Debug;
		};
		20BC17622F1E81E00016F6C5 /* Release */ = {
			isa = XCBuildConfiguration;
			buildSettings = {
				ASSETCATALOG_COMPILER_APPICON_NAME = AppIcon;
				ASSETCATALOG_COMPILER_GLOBAL_ACCENT_COLOR_NAME = AccentColor;
				CODE_SIGN_STYLE = Automatic;
				CURRENT_PROJECT_VERSION = 1;
				GENERATE_INFOPLIST_FILE = YES;
				INFOPLIST_FILE = deosinaPW4/Info.plist;
				INFOPLIST_KEY_UIApplicationSupportsIndirectInputEvents = YES;
				INFOPLIST_KEY_UILaunchStoryboardName = LaunchScreen;
				INFOPLIST_KEY_UISupportedInterfaceOrientations_iPad = "UIInterfaceOrientationPortrait UIInterfaceOrientationPortraitUpsideDown UIInterfaceOrientationLandscapeLeft UIInterfaceOrientationLandscapeRight";
				INFOPLIST_KEY_UISupportedInterfaceOrientations_iPhone = "UIInterfaceOrientationPortrait UIInterfaceOrientationLandscapeLeft UIInterfaceOrientationLandscapeRight";
				LD_RUNPATH_SEARCH_PATHS = (
					"$(inherited)",
					"@executable_path/Frameworks",
				);
				MARKETING_VERSION = 1.0;
				PRODUCT_BUNDLE_IDENTIFIER = IOS.deosinaPW4;
				PRODUCT_NAME = "$(TARGET_NAME)";
				SWIFT_EMIT_LOC_STRINGS = YES;
				SWIFT_VERSION = 5.0;
				TARGETED_DEVICE_FAMILY = "1,2";
			};
			name = Release;
		};
		20BC17632F1E81E00016F6C5 /* Debug */ = {
			isa = XCBuildConfiguration;
			buildSettings = {
				ALWAYS_SEARCH_USER_PATHS = NO;
				ASSETCATALOG_COMPILER_GENERATE_SWIFT_ASSET_SYMBOL_EXTENSIONS = YES;
				CLANG_ANALYZER_NONNULL = YES;
				CLANG_ANALYZER_NUMBER_OBJECT_CONVERSION = YES_AGGRESSIVE;
				CLANG_CXX_LANGUAGE_STANDARD = "gnu++20";
				CLANG_ENABLE_MODULES = YES;
				CLANG_ENABLE_OBJC_ARC = YES;
				CLANG_ENABLE_OBJC_WEAK = YES;
				CLANG_WARN_BLOCK_CAPTURE_AUTORELEASING = YES;
				CLANG_WARN_BOOL_CONVERSION = YES;
				CLANG_WARN_COMMA = YES;
				CLANG_WARN_CONSTANT_CONVERSION = YES;
				CLANG_WARN_DEPRECATED_OBJC_IMPLEMENTATIONS = YES;
				CLANG_WARN_DIRECT_OBJC_ISA_USAGE = YES_ERROR;
				CLANG_WARN_DOCUMENTATION_COMMENTS = YES;
				CLANG_WARN_EMPTY_BODY = YES;
				CLANG_WARN_ENUM_CONVERSION = YES;
				CLANG_WARN_INFINITE_RECURSION = YES;
				CLANG_WARN_INT_CONVERSION = YES;
				CLANG_WARN_NON_LITERAL_NULL_CONVERSION = YES;
				CLANG_WARN_OBJC_IMPLICIT_RETAIN_SELF = YES;
				CLANG_WARN_OBJC_LITERAL_CONVERSION = YES;
				CLANG_WARN_OBJC_ROOT_CLASS = YES_ERROR;
				CLANG_WARN_QUOTED_INCLUDE_IN_FRAMEWORK_HEADER = YES;
				CLANG_WARN_RANGE_LOOP_ANALYSIS = YES;
				CLANG_WARN_STRICT_PROTOTYPES = YES;
				CLANG_WARN_SUSPICIOUS_MOVE = YES;
				CLANG_WARN_UNGUARDED_AVAILABILITY = YES_AGGRESSIVE;
				CLANG_WARN_UNREACHABLE_CODE = YES;
				CLANG_WARN__DUPLICATE_METHOD_MATCH = YES;
				COPY_PHASE_STRIP = NO;
				DEBUG_INFORMATION_FORMAT = dwarf;
				ENABLE_STRICT_OBJC_MSGSEND = YES;
				ENABLE_TESTABILITY = YES;
				ENABLE_USER_SCRIPT_SANDBOXING = YES;
				GCC_C_LANGUAGE_STANDARD = gnu17;
				GCC_DYNAMIC_NO_PIC = NO;
				GCC_NO_COMMON_BLOCKS = YES;
				GCC_OPTIMIZATION_LEVEL = 0;
				GCC_PREPROCESSOR_DEFINITIONS = (
					"DEBUG=1",
					"$(inherited)",
				);
				GCC_WARN_64_TO_32_BIT_CONVERSION = YES;
				GCC_WARN_ABOUT_RETURN_TYPE = YES_ERROR;
				GCC_WARN_UNDECLARED_SELECTOR = YES;
				GCC_WARN_UNINITIALIZED_AUTOS = YES_AGGRESSIVE;
				GCC_WARN_UNUSED_FUNCTION = YES;
				GCC_WARN_UNUSED_VARIABLE = YES;
				IPHONEOS_DEPLOYMENT_TARGET = 18.5;
				LOCALIZATION_PREFERS_STRING_CATALOGS = YES;
				MTL_ENABLE_DEBUG_INFO = INCLUDE_SOURCE;
				MTL_FAST_MATH = YES;
				ONLY_ACTIVE_ARCH = YES;
				SDKROOT = iphoneos;
				SWIFT_ACTIVE_COMPILATION_CONDITIONS = "DEBUG $(inherited)";
				SWIFT_OPTIMIZATION_LEVEL = "-Onone";
			};
			name = Debug;
		};
		20BC17642F1E81E00016F6C5 /* Release */ = {
			isa = XCBuildConfiguration;
			buildSettings = {
				ALWAYS_SEARCH_USER_PATHS = NO;
				ASSETCATALOG_COMPILER_GENERATE_SWIFT_ASSET_SYMBOL_EXTENSIONS = YES;
				CLANG_ANALYZER_NONNULL = YES;
				CLANG_ANALYZER_NUMBER_OBJECT_CONVERSION = YES_AGGRESSIVE;
				CLANG_CXX_LANGUAGE_STANDARD = "gnu++20";
				CLANG_ENABLE_MODULES = YES;
				CLANG_ENABLE_OBJC_ARC = YES;
				CLANG_ENABLE_OBJC_WEAK = YES;
				CLANG_WARN_BLOCK_CAPTURE_AUTORELEASING = YES;
				CLANG_WARN_BOOL_CONVERSION = YES;
				CLANG_WARN_COMMA = YES;
				CLANG_WARN_CONSTANT_CONVERSION = YES;
				CLANG_WARN_DEPRECATED_OBJC_IMPLEMENTATIONS = YES;
				CLANG_WARN_DIRECT_OBJC_ISA_USAGE = YES_ERROR;
				CLANG_WARN_DOCUMENTATION_COMMENTS = YES;
				CLANG_WARN_EMPTY_BODY = YES;
				CLANG_WARN_ENUM_CONVERSION = YES;
				CLANG_WARN_INFINITE_RECURSION = YES;
				CLANG_WARN_INT_CONVERSION = YES;
				CLANG_WARN_NON_LITERAL_NULL_CONVERSION = YES;
				CLANG_WARN_OBJC_IMPLICIT_RETAIN_SELF = YES;
				CLANG_WARN_OBJC_LITERAL_CONVERSION = YES;
				CLANG_WARN_OBJC_ROOT_CLASS = YES_ERROR;
				CLANG_WARN_QUOTED_INCLUDE_IN_FRAMEWORK_HEADER = YES;
				CLANG_WARN_RANGE_LOOP_ANALYSIS = YES;
				CLANG_WARN_STRICT_PROTOTYPES = YES;
				CLANG_WARN_SUSPICIOUS_MOVE = YES;
				CLANG_WARN_UNGUARDED_AVAILABILITY = YES_AGGRESSIVE;
				CLANG_WARN_UNREACHABLE_CODE = YES;
				CLANG_WARN__DUPLICATE_METHOD_MATCH = YES;
				COPY_PHASE_STRIP = NO;
				DEBUG_INFORMATION_FORMAT = "dwarf-with-dsym";
				ENABLE_NS_ASSERTIONS = NO;
				ENABLE_STRICT_OBJC_MSGSEND = YES;
				ENABLE_USER_SCRIPT_SANDBOXING = YES;
				GCC_C_LANGUAGE_STANDARD = gnu17;
				GCC_NO_COMMON_BLOCKS = YES;
				GCC_WARN_64_TO_32_BIT_CONVERSION = YES;
				GCC_WARN_ABOUT_RETURN_TYPE = YES_ERROR;
				GCC_WARN_UNDECLARED_SELECTOR = YES;
				GCC_WARN_UNINITIALIZED_AUTOS = YES_AGGRESSIVE;
				GCC_WARN_UNUSED_FUNCTION = YES;
				GCC_WARN_UNUSED_VARIABLE = YES;
				IPHONEOS_DEPLOYMENT_TARGET = 18.5;
				LOCALIZATION_PREFERS_STRING_CATALOGS = YES;
				MTL_ENABLE_DEBUG_INFO = NO;
				MTL_FAST_MATH = YES;
				SDKROOT = iphoneos;
				SWIFT_COMPILATION_MODE = wholemodule;
				VALIDATE_PRODUCT = YES;
			};
			name = Release;
		};
		20BC17662F1E81E00016F6C5 /* Debug */ = {
			isa = XCBuildConfiguration;
			buildSettings = {
				BUNDLE_LOADER = "$(TEST_HOST)";
				CODE_SIGN_STYLE = Automatic;
				CURRENT_PROJECT_VERSION = 1;
				GENERATE_INFOPLIST_FILE = YES;
				IPHONEOS_DEPLOYMENT_TARGET = 18.5;
				MARKETING_VERSION = 1.0;
				PRODUCT_BUNDLE_IDENTIFIER = IOS.deosinaPW4Tests;
				PRODUCT_NAME = "$(TARGET_NAME)";
				SWIFT_EMIT_LOC_STRINGS = NO;
				SWIFT_VERSION = 5.0;
				TARGETED_DEVICE_FAMILY = "1,2";
				TEST_HOST = "$(BUILT_PRODUCTS_DIR)/deosinaPW4.app/$(BUNDLE_EXECUTABLE_FOLDER_PATH)/deosinaPW4";
			};
			name = Debug;
		};
		20BC17672F1E81E00016F6C5 /* Release */ = {
			isa = XCBuildConfiguration;
			buildSettings = {
				BUNDLE_LOADER = "$(TEST_HOST)";
				CODE_SIGN_STYLE = Automatic;
				CURRENT_PROJECT_VERSION = 1;
				GENERATE_INFOPLIST_FILE = YES;
				IPHONEOS_DEPLOYMENT_TARGET = 18.5;
				MARKETING_VERSION = 1.0;
				PRODUCT_BUNDLE_IDENTIFIER = IOS.deosinaPW4Tests;
				PRODUCT_NAME = "$(TARGET_NAME)";
				SWIFT_EMIT_LOC_STRINGS = NO;
				SWIFT_VERSION = 5.0;
				TARGETED_DEVICE_FAMILY = "1,2";
				TEST_HOST = "$(BUILT_PRODUCTS_DIR)/deosinaPW4.app/$(BUNDLE_EXECUTABLE_FOLDER_PATH)/deosinaPW4";
			};
			name = Release;
		};
		20BC17692F1E81E00016F6C5 /* Debug */ = {
			isa = XCBuildConfiguration;
			buildSettings = {
				CODE_SIGN_STYLE = Automatic;
				CURRENT_PROJECT_VERSION = 1;
				GENERATE_INFOPLIST_FILE = YES;
				MARKETING_VERSION = 1.0;
				PRODUCT_BUNDLE_IDENTIFIER = IOS.deosinaPW4UITests;
				PRODUCT_NAME = "$(TARGET_NAME)";
				SWIFT_EMIT_LOC_STRINGS = NO;
				SWIFT_VERSION = 5.0;
				TARGETED_DEVICE_FAMILY = "1,2";
				TEST_TARGET_NAME = deosinaPW4;
			};
			name = Debug;
		};
		20BC176A2F1E81E00016F6C5 /* Release */ = {
			isa = XCBuildConfiguration;
			buildSettings = {
				CODE_SIGN_STYLE = Automatic;
				CURRENT_PROJECT_VERSION = 1;
				GENERATE_INFOPLIST_FILE = YES;
				MARKETING_VERSION = 1.0;
				PRODUCT_BUNDLE_IDENTIFIER = IOS.deosinaPW4UITests;
				PRODUCT_NAME = "$(TARGET_NAME)";
				SWIFT_EMIT_LOC_STRINGS = NO;
				SWIFT_VERSION = 5.0;
				TARGETED_DEVICE_FAMILY = "1,2";
				TEST_TARGET_NAME = deosinaPW4;
			};
			name = Release;
		};
/* End XCBuildConfiguration section */

/* Begin XCConfigurationList section */
		20BC17322F1E81E00016F6C5 /* Build configuration list for PBXProject "deosinaPW4" */ = {
			isa = XCConfigurationList;
			buildConfigurations = (
				20BC17632F1E81E00016F6C5 /* Debug */,
				20BC17642F1E81E00016F6C5 /* Release */,
			);
			defaultConfigurationIsVisible = 0;
			defaultConfigurationName = Release;
		};
		20BC17602F1E81E00016F6C5 /* Build configuration list for PBXNativeTarget "deosinaPW4" */ = {
			isa = XCConfigurationList;
			buildConfigurations = (
				20BC17612F1E81E00016F6C5 /* Debug */,
				20BC17622F1E81E00016F6C5 /* Release */,
			);
			defaultConfigurationIsVisible = 0;
			defaultConfigurationName = Release;
		};
		20BC17652F1E81E00016F6C5 /* Build configuration list for PBXNativeTarget "deosinaPW4Tests" */ = {
			isa = XCConfigurationList;
			buildConfigurations = (
				20BC17662F1E81E00016F6C5 /* Debug */,
				20BC17672F1E81E00016F6C5 /* Release */,
			);
			defaultConfigurationIsVisible = 0;
			defaultConfigurationName = Release;
		};
		20BC17682F1E81E00016F6C5 /* Build configuration list for PBXNativeTarget "deosinaPW4UITests" */ = {
			isa = XCConfigurationList;
			buildConfigurations = (
				20BC17692F1E81E00016F6C5 /* Debug */,
				20BC176A2F1E81E00016F6C5 /* Release */,
			);
			defaultConfigurationIsVisible = 0;
			defaultConfigurationName = Release;
		};
/* End XCConfigurationList section */
	};
	rootObject = 20BC172F2F1E81E00016F6C5 /* Project object */;
}
