// !$*UTF8*$!
{
	archiveVersion = 1;
	classes = {
	};
	objectVersion = 77;
	objects = {

/* Begin PBXContainerItemProxy section */
		20DEFA652E75A41000C61CB1 /* PBXContainerItemProxy */ = {
			isa = PBXContainerItemProxy;
			containerPortal = 20DEFA462E75A40F00C61CB1 /* Project object */;
			proxyType = 1;
			remoteGlobalIDString = 20DEFA4D2E75A40F00C61CB1;
			remoteInfo = deosinaPW1;
		};
		20DEFA6F2E75A41000C61CB1 /* PBXContainerItemProxy */ = {
			isa = PBXContainerItemProxy;
			containerPortal = 20DEFA462E75A40F00C61CB1 /* Project object */;
			proxyType = 1;
			remoteGlobalIDString = 20DEFA4D2E75A40F00C61CB1;
			remoteInfo = deosinaPW1;
		};
/* End PBXContainerItemProxy section */

/* Begin PBXFileReference section */
		20DEFA4E2E75A40F00C61CB1 /* deosinaPW1.app */ = {isa = PBXFileReference; explicitFileType = wrapper.application; includeInIndex = 0; path = deosinaPW1.app; sourceTree = BUILT_PRODUCTS_DIR; };
		20DEFA642E75A41000C61CB1 /* deosinaPW1Tests.xctest */ = {isa = PBXFileReference; explicitFileType = wrapper.cfbundle; includeInIndex = 0; path = deosinaPW1Tests.xctest; sourceTree = BUILT_PRODUCTS_DIR; };
		20DEFA6E2E75A41000C61CB1 /* deosinaPW1UITests.xctest */ = {isa = PBXFileReference; explicitFileType = wrapper.cfbundle; includeInIndex = 0; path = deosinaPW1UITests.xctest; sourceTree = BUILT_PRODUCTS_DIR; };
/* End PBXFileReference section */

/* Begin PBXFileSystemSynchronizedBuildFileExceptionSet section */
		20DEFA762E75A41000C61CB1 /* Exceptions for "deosinaPW1" folder in "deosinaPW1" target */ = {
			isa = PBXFileSystemSynchronizedBuildFileExceptionSet;
			membershipExceptions = (
				Info.plist,
			);
			target = 20DEFA4D2E75A40F00C61CB1 /* deosinaPW1 */;
		};
/* End PBXFileSystemSynchronizedBuildFileExceptionSet section */

/* Begin PBXFileSystemSynchronizedRootGroup section */
		20DEFA502E75A40F00C61CB1 /* deosinaPW1 */ = {
			isa = PBXFileSystemSynchronizedRootGroup;
			exceptions = (
				20DEFA762E75A41000C61CB1 /* Exceptions for "deosinaPW1" folder in "deosinaPW1" target */,
			);
			path = deosinaPW1;
			sourceTree = "<group>";
		};
		20DEFA672E75A41000C61CB1 /* deosinaPW1Tests */ = {
			isa = PBXFileSystemSynchronizedRootGroup;
			path = deosinaPW1Tests;
			sourceTree = "<group>";
		};
		20DEFA712E75A41000C61CB1 /* deosinaPW1UITests */ = {
			isa = PBXFileSystemSynchronizedRootGroup;
			path = deosinaPW1UITests;
			sourceTree = "<group>";
		};
/* End PBXFileSystemSynchronizedRootGroup section */

/* Begin PBXFrameworksBuildPhase section */
		20DEFA4B2E75A40F00C61CB1 /* Frameworks */ = {
			isa = PBXFrameworksBuildPhase;
			buildActionMask = 2147483647;
			files = (
			);
			runOnlyForDeploymentPostprocessing = 0;
		};
		20DEFA612E75A41000C61CB1 /* Frameworks */ = {
			isa = PBXFrameworksBuildPhase;
			buildActionMask = 2147483647;
			files = (
			);
			runOnlyForDeploymentPostprocessing = 0;
		};
		20DEFA6B2E75A41000C61CB1 /* Frameworks */ = {
			isa = PBXFrameworksBuildPhase;
			buildActionMask = 2147483647;
			files = (
			);
			runOnlyForDeploymentPostprocessing = 0;
		};
/* End PBXFrameworksBuildPhase section */

/* Begin PBXGroup section */
		20DEFA452E75A40F00C61CB1 = {
			isa = PBXGroup;
			children = (
				20DEFA502E75A40F00C61CB1 /* deosinaPW1 */,
				20DEFA672E75A41000C61CB1 /* deosinaPW1Tests */,
				20DEFA712E75A41000C61CB1 /* deosinaPW1UITests */,
				20DEFA4F2E75A40F00C61CB1 /* Products */,
			);
			sourceTree = "<group>";
		};
		20DEFA4F2E75A40F00C61CB1 /* Products */ = {
			isa = PBXGroup;
			children = (
				20DEFA4E2E75A40F00C61CB1 /* deosinaPW1.app */,
				20DEFA642E75A41000C61CB1 /* deosinaPW1Tests.xctest */,
				20DEFA6E2E75A41000C61CB1 /* deosinaPW1UITests.xctest */,
			);
			name = Products;
			sourceTree = "<group>";
		};
/* End PBXGroup section */

/* Begin PBXNativeTarget section */
		20DEFA4D2E75A40F00C61CB1 /* deosinaPW1 */ = {
			isa = PBXNativeTarget;
			buildConfigurationList = 20DEFA772E75A41000C61CB1 /* Build configuration list for PBXNativeTarget "deosinaPW1" */;
			buildPhases = (
				20DEFA4A2E75A40F00C61CB1 /* Sources */,
				20DEFA4B2E75A40F00C61CB1 /* Frameworks */,
				20DEFA4C2E75A40F00C61CB1 /* Resources */,
			);
			buildRules = (
			);
			dependencies = (
			);
			fileSystemSynchronizedGroups = (
				20DEFA502E75A40F00C61CB1 /* deosinaPW1 */,
			);
			name = deosinaPW1;
			packageProductDependencies = (
			);
			productName = deosinaPW1;
			productReference = 20DEFA4E2E75A40F00C61CB1 /* deosinaPW1.app */;
			productType = "com.apple.product-type.application";
		};
		20DEFA632E75A41000C61CB1 /* deosinaPW1Tests */ = {
			isa = PBXNativeTarget;
			buildConfigurationList = 20DEFA7C2E75A41000C61CB1 /* Build configuration list for PBXNativeTarget "deosinaPW1Tests" */;
			buildPhases = (
				20DEFA602E75A41000C61CB1 /* Sources */,
				20DEFA612E75A41000C61CB1 /* Frameworks */,
				20DEFA622E75A41000C61CB1 /* Resources */,
			);
			buildRules = (
			);
			dependencies = (
				20DEFA662E75A41000C61CB1 /* PBXTargetDependency */,
			);
			fileSystemSynchronizedGroups = (
				20DEFA672E75A41000C61CB1 /* deosinaPW1Tests */,
			);
			name = deosinaPW1Tests;
			packageProductDependencies = (
			);
			productName = deosinaPW1Tests;
			productReference = 20DEFA642E75A41000C61CB1 /* deosinaPW1Tests.xctest */;
			productType = "com.apple.product-type.bundle.unit-test";
		};
		20DEFA6D2E75A41000C61CB1 /* deosinaPW1UITests */ = {
			isa = PBXNativeTarget;
			buildConfigurationList = 20DEFA7F2E75A41000C61CB1 /* Build configuration list for PBXNativeTarget "deosinaPW1UITests" */;
			buildPhases = (
				20DEFA6A2E75A41000C61CB1 /* Sources */,
				20DEFA6B2E75A41000C61CB1 /* Frameworks */,
				20DEFA6C2E75A41000C61CB1 /* Resources */,
			);
			buildRules = (
			);
			dependencies = (
				20DEFA702E75A41000C61CB1 /* PBXTargetDependency */,
			);
			fileSystemSynchronizedGroups = (
				20DEFA712E75A41000C61CB1 /* deosinaPW1UITests */,
			);
			name = deosinaPW1UITests;
			packageProductDependencies = (
			);
			productName = deosinaPW1UITests;
			productReference = 20DEFA6E2E75A41000C61CB1 /* deosinaPW1UITests.xctest */;
			productType = "com.apple.product-type.bundle.ui-testing";
		};
/* End PBXNativeTarget section */

/* Begin PBXProject section */
		20DEFA462E75A40F00C61CB1 /* Project object */ = {
			isa = PBXProject;
			attributes = {
				BuildIndependentTargetsInParallel = 1;
				LastSwiftUpdateCheck = 1640;
				LastUpgradeCheck = 1640;
				TargetAttributes = {
					20DEFA4D2E75A40F00C61CB1 = {
						CreatedOnToolsVersion = 16.4;
					};
					20DEFA632E75A41000C61CB1 = {
						CreatedOnToolsVersion = 16.4;
						TestTargetID = 20DEFA4D2E75A40F00C61CB1;
					};
					20DEFA6D2E75A41000C61CB1 = {
						CreatedOnToolsVersion = 16.4;
						TestTargetID = 20DEFA4D2E75A40F00C61CB1;
					};
				};
			};
			buildConfigurationList = 20DEFA492E75A40F00C61CB1 /* Build configuration list for PBXProject "deosinaPW1" */;
			developmentRegion = en;
			hasScannedForEncodings = 0;
			knownRegions = (
				en,
				Base,
			);
			mainGroup = 20DEFA452E75A40F00C61CB1;
			minimizedProjectReferenceProxies = 1;
			preferredProjectObjectVersion = 77;
			productRefGroup = 20DEFA4F2E75A40F00C61CB1 /* Products */;
			projectDirPath = "";
			projectRoot = "";
			targets = (
				20DEFA4D2E75A40F00C61CB1 /* deosinaPW1 */,
				20DEFA632E75A41000C61CB1 /* deosinaPW1Tests */,
				20DEFA6D2E75A41000C61CB1 /* deosinaPW1UITests */,
			);
		};
/* End PBXProject section */

/* Begin PBXResourcesBuildPhase section */
		20DEFA4C2E75A40F00C61CB1 /* Resources */ = {
			isa = PBXResourcesBuildPhase;
			buildActionMask = 2147483647;
			files = (
			);
			runOnlyForDeploymentPostprocessing = 0;
		};
		20DEFA622E75A41000C61CB1 /* Resources */ = {
			isa = PBXResourcesBuildPhase;
			buildActionMask = 2147483647;
			files = (
			);
			runOnlyForDeploymentPostprocessing = 0;
		};
		20DEFA6C2E75A41000C61CB1 /* Resources */ = {
			isa = PBXResourcesBuildPhase;
			buildActionMask = 2147483647;
			files = (
			);
			runOnlyForDeploymentPostprocessing = 0;
		};
/* End PBXResourcesBuildPhase section */

/* Begin PBXSourcesBuildPhase section */
		20DEFA4A2E75A40F00C61CB1 /* Sources */ = {
			isa = PBXSourcesBuildPhase;
			buildActionMask = 2147483647;
			files = (
			);
			runOnlyForDeploymentPostprocessing = 0;
		};
		20DEFA602E75A41000C61CB1 /* Sources */ = {
			isa = PBXSourcesBuildPhase;
			buildActionMask = 2147483647;
			files = (
			);
			runOnlyForDeploymentPostprocessing = 0;
		};
		20DEFA6A2E75A41000C61CB1 /* Sources */ = {
			isa = PBXSourcesBuildPhase;
			buildActionMask = 2147483647;
			files = (
			);
			runOnlyForDeploymentPostprocessing = 0;
		};
/* End PBXSourcesBuildPhase section */

/* Begin PBXTargetDependency section */
		20DEFA662E75A41000C61CB1 /* PBXTargetDependency */ = {
			isa = PBXTargetDependency;
			target = 20DEFA4D2E75A40F00C61CB1 /* deosinaPW1 */;
			targetProxy = 20DEFA652E75A41000C61CB1 /* PBXContainerItemProxy */;
		};
		20DEFA702E75A41000C61CB1 /* PBXTargetDependency */ = {
			isa = PBXTargetDependency;
			target = 20DEFA4D2E75A40F00C61CB1 /* deosinaPW1 */;
			targetProxy = 20DEFA6F2E75A41000C61CB1 /* PBXContainerItemProxy */;
		};
/* End PBXTargetDependency section */

/* Begin XCBuildConfiguration section */
		20DEFA782E75A41000C61CB1 /* Debug */ = {
			isa = XCBuildConfiguration;
			buildSettings = {
				ASSETCATALOG_COMPILER_APPICON_NAME = AppIcon;
				ASSETCATALOG_COMPILER_GLOBAL_ACCENT_COLOR_NAME = AccentColor;
				CODE_SIGN_STYLE = Automatic;
				CURRENT_PROJECT_VERSION = 1;
				GENERATE_INFOPLIST_FILE = YES;
				INFOPLIST_FILE = deosinaPW1/Info.plist;
				INFOPLIST_KEY_UIApplicationSupportsIndirectInputEvents = YES;
				INFOPLIST_KEY_UILaunchStoryboardName = LaunchScreen;
				INFOPLIST_KEY_UIMainStoryboardFile = Main;
				INFOPLIST_KEY_UISupportedInterfaceOrientations_iPad = "UIInterfaceOrientationPortrait UIInterfaceOrientationPortraitUpsideDown UIInterfaceOrientationLandscapeLeft UIInterfaceOrientationLandscapeRight";
				INFOPLIST_KEY_UISupportedInterfaceOrientations_iPhone = "UIInterfaceOrientationPortrait UIInterfaceOrientationLandscapeLeft UIInterfaceOrientationLandscapeRight";
				LD_RUNPATH_SEARCH_PATHS = (
					"$(inherited)",
					"@executable_path/Frameworks",
				);
				MARKETING_VERSION = 1.0;
				PRODUCT_BUNDLE_IDENTIFIER = IOS.deosinaPW1;
				PRODUCT_NAME = "$(TARGET_NAME)";
				SWIFT_EMIT_LOC_STRINGS = YES;
				SWIFT_VERSION = 5.0;
				TARGETED_DEVICE_FAMILY = "1,2";
			};
			name = Debug;
		};
		20DEFA792E75A41000C61CB1 /* Release */ = {
			isa = XCBuildConfiguration;
			buildSettings = {
				ASSETCATALOG_COMPILER_APPICON_NAME = AppIcon;
				ASSETCATALOG_COMPILER_GLOBAL_ACCENT_COLOR_NAME = AccentColor;
				CODE_SIGN_STYLE = Automatic;
				CURRENT_PROJECT_VERSION = 1;
				GENERATE_INFOPLIST_FILE = YES;
				INFOPLIST_FILE = deosinaPW1/Info.plist;
				INFOPLIST_KEY_UIApplicationSupportsIndirectInputEvents = YES;
				INFOPLIST_KEY_UILaunchStoryboardName = LaunchScreen;
				INFOPLIST_KEY_UIMainStoryboardFile = Main;
				INFOPLIST_KEY_UISupportedInterfaceOrientations_iPad = "UIInterfaceOrientationPortrait UIInterfaceOrientationPortraitUpsideDown UIInterfaceOrientationLandscapeLeft UIInterfaceOrientationLandscapeRight";
				INFOPLIST_KEY_UISupportedInterfaceOrientations_iPhone = "UIInterfaceOrientationPortrait UIInterfaceOrientationLandscapeLeft UIInterfaceOrientationLandscapeRight";
				LD_RUNPATH_SEARCH_PATHS = (
					"$(inherited)",
					"@executable_path/Frameworks",
				);
				MARKETING_VERSION = 1.0;
				PRODUCT_BUNDLE_IDENTIFIER = IOS.deosinaPW1;
				PRODUCT_NAME = "$(TARGET_NAME)";
				SWIFT_EMIT_LOC_STRINGS = YES;
				SWIFT_VERSION = 5.0;
				TARGETED_DEVICE_FAMILY = "1,2";
			};
			name = Release;
		};
		20DEFA7A2E75A41000C61CB1 /* Debug */ = {
			isa = XCBuildConfiguration;
			buildSettings = {
				ALWAYS_SEARCH_USER_PATHS = NO;
				ASSETCATALOG_COMPILER_GENERATE_SWIFT_ASSET_SYMBOL_EXTENSIONS = YES;
				CLANG_ANALYZER_NONNULL = YES;
				CLANG_ANALYZER_NUMBER_OBJECT_CONVERSION = YES_AGGRESSIVE;
				CLANG_CXX_LANGUAGE_STANDARD = "gnu++20";
				CLANG_ENABLE_MODULES = YES;
				CLANG_ENABLE_OBJC_ARC = YES;
				CLANG_ENABLE_OBJC_WEAK = YES;
				CLANG_WARN_BLOCK_CAPTURE_AUTORELEASING = YES;
				CLANG_WARN_BOOL_CONVERSION = YES;
				CLANG_WARN_COMMA = YES;
				CLANG_WARN_CONSTANT_CONVERSION = YES;
				CLANG_WARN_DEPRECATED_OBJC_IMPLEMENTATIONS = YES;
				CLANG_WARN_DIRECT_OBJC_ISA_USAGE = YES_ERROR;
				CLANG_WARN_DOCUMENTATION_COMMENTS = YES;
				CLANG_WARN_EMPTY_BODY = YES;
				CLANG_WARN_ENUM_CONVERSION = YES;
				CLANG_WARN_INFINITE_RECURSION = YES;
				CLANG_WARN_INT_CONVERSION = YES;
				CLANG_WARN_NON_LITERAL_NULL_CONVERSION = YES;
				CLANG_WARN_OBJC_IMPLICIT_RETAIN_SELF = YES;
				CLANG_WARN_OBJC_LITERAL_CONVERSION = YES;
				CLANG_WARN_OBJC_ROOT_CLASS = YES_ERROR;
				CLANG_WARN_QUOTED_INCLUDE_IN_FRAMEWORK_HEADER = YES;
				CLANG_WARN_RANGE_LOOP_ANALYSIS = YES;
				CLANG_WARN_STRICT_PROTOTYPES = YES;
				CLANG_WARN_SUSPICIOUS_MOVE = YES;
				CLANG_WARN_UNGUARDED_AVAILABILITY = YES_AGGRESSIVE;
				CLANG_WARN_UNREACHABLE_CODE = YES;
				CLANG_WARN__DUPLICATE_METHOD_MATCH = YES;
				COPY_PHASE_STRIP = NO;
				DEBUG_INFORMATION_FORMAT = dwarf;
				ENABLE_STRICT_OBJC_MSGSEND = YES;
				ENABLE_TESTABILITY = YES;
				ENABLE_USER_SCRIPT_SANDBOXING = YES;
				GCC_C_LANGUAGE_STANDARD = gnu17;
				GCC_DYNAMIC_NO_PIC = NO;
				GCC_NO_COMMON_BLOCKS = YES;
				GCC_OPTIMIZATION_LEVEL = 0;
				GCC_PREPROCESSOR_DEFINITIONS = (
					"DEBUG=1",
					"$(inherited)",
				);
				GCC_WARN_64_TO_32_BIT_CONVERSION = YES;
				GCC_WARN_ABOUT_RETURN_TYPE = YES_ERROR;
				GCC_WARN_UNDECLARED_SELECTOR = YES;
				GCC_WARN_UNINITIALIZED_AUTOS = YES_AGGRESSIVE;
				GCC_WARN_UNUSED_FUNCTION = YES;
				GCC_WARN_UNUSED_VARIABLE = YES;
				IPHONEOS_DEPLOYMENT_TARGET = 18.5;
				LOCALIZATION_PREFERS_STRING_CATALOGS = YES;
				MTL_ENABLE_DEBUG_INFO = INCLUDE_SOURCE;
				MTL_FAST_MATH = YES;
				ONLY_ACTIVE_ARCH = YES;
				SDKROOT = iphoneos;
				SWIFT_ACTIVE_COMPILATION_CONDITIONS = "DEBUG $(inherited)";
				SWIFT_OPTIMIZATION_LEVEL = "-Onone";
			};
			name = Debug;
		};
		20DEFA7B2E75A41000C61CB1 /* Release */ = {
			isa = XCBuildConfiguration;
			buildSettings = {
				ALWAYS_SEARCH_USER_PATHS = NO;
				ASSETCATALOG_COMPILER_GENERATE_SWIFT_ASSET_SYMBOL_EXTENSIONS = YES;
				CLANG_ANALYZER_NONNULL = YES;
				CLANG_ANALYZER_NUMBER_OBJECT_CONVERSION = YES_AGGRESSIVE;
				CLANG_CXX_LANGUAGE_STANDARD = "gnu++20";
				CLANG_ENABLE_MODULES = YES;
				CLANG_ENABLE_OBJC_ARC = YES;
				CLANG_ENABLE_OBJC_WEAK = YES;
				CLANG_WARN_BLOCK_CAPTURE_AUTORELEASING = YES;
				CLANG_WARN_BOOL_CONVERSION = YES;
				CLANG_WARN_COMMA = YES;
				CLANG_WARN_CONSTANT_CONVERSION = YES;
				CLANG_WARN_DEPRECATED_OBJC_IMPLEMENTATIONS = YES;
				CLANG_WARN_DIRECT_OBJC_ISA_USAGE = YES_ERROR;
				CLANG_WARN_DOCUMENTATION_COMMENTS = YES;
				CLANG_WARN_EMPTY_BODY = YES;
				CLANG_WARN_ENUM_CONVERSION = YES;
				CLANG_WARN_INFINITE_RECURSION = YES;
				CLANG_WARN_INT_CONVERSION = YES;
				CLANG_WARN_NON_LITERAL_NULL_CONVERSION = YES;
				CLANG_WARN_OBJC_IMPLICIT_RETAIN_SELF = YES;
				CLANG_WARN_OBJC_LITERAL_CONVERSION = YES;
				CLANG_WARN_OBJC_ROOT_CLASS = YES_ERROR;
				CLANG_WARN_QUOTED_INCLUDE_IN_FRAMEWORK_HEADER = YES;
				CLANG_WARN_RANGE_LOOP_ANALYSIS = YES;
				CLANG_WARN_STRICT_PROTOTYPES = YES;
				CLANG_WARN_SUSPICIOUS_MOVE = YES;
				CLANG_WARN_UNGUARDED_AVAILABILITY = YES_AGGRESSIVE;
				CLANG_WARN_UNREACHABLE_CODE = YES;
				CLANG_WARN__DUPLICATE_METHOD_MATCH = YES;
				COPY_PHASE_STRIP = NO;
				DEBUG_INFORMATION_FORMAT = "dwarf-with-dsym";
				ENABLE_NS_ASSERTIONS = NO;
				ENABLE_STRICT_OBJC_MSGSEND = YES;
				ENABLE_USER_SCRIPT_SANDBOXING = YES;
				GCC_C_LANGUAGE_STANDARD = gnu17;
				GCC_NO_COMMON_BLOCKS = YES;
				GCC_WARN_64_TO_32_BIT_CONVERSION = YES;
				GCC_WARN_ABOUT_RETURN_TYPE = YES_ERROR;
				GCC_WARN_UNDECLARED_SELECTOR = YES;
				GCC_WARN_UNINITIALIZED_AUTOS = YES_AGGRESSIVE;
				GCC_WARN_UNUSED_FUNCTION = YES;
				GCC_WARN_UNUSED_VARIABLE = YES;
				IPHONEOS_DEPLOYMENT_TARGET = 18.5;
				LOCALIZATION_PREFERS_STRING_CATALOGS = YES;
				MTL_ENABLE_DEBUG_INFO = NO;
				MTL_FAST_MATH = YES;
				SDKROOT = iphoneos;
				SWIFT_COMPILATION_MODE = wholemodule;
				VALIDATE_PRODUCT = YES;
			};
			name = Release;
		};
		20DEFA7D2E75A41000C61CB1 /* Debug */ = {
			isa = XCBuildConfiguration;
			buildSettings = {
				BUNDLE_LOADER = "$(TEST_HOST)";
				CODE_SIGN_STYLE = Automatic;
				CURRENT_PROJECT_VERSION = 1;
				GENERATE_INFOPLIST_FILE = YES;
				IPHONEOS_DEPLOYMENT_TARGET = 18.5;
				MARKETING_VERSION = 1.0;
				PRODUCT_BUNDLE_IDENTIFIER = IOS.deosinaPW1Tests;
				PRODUCT_NAME = "$(TARGET_NAME)";
				SWIFT_EMIT_LOC_STRINGS = NO;
				SWIFT_VERSION = 5.0;
				TARGETED_DEVICE_FAMILY = "1,2";
				TEST_HOST = "$(BUILT_PRODUCTS_DIR)/deosinaPW1.app/$(BUNDLE_EXECUTABLE_FOLDER_PATH)/deosinaPW1";
			};
			name = Debug;
		};
		20DEFA7E2E75A41000C61CB1 /* Release */ = {
			isa = XCBuildConfiguration;
			buildSettings = {
				BUNDLE_LOADER = "$(TEST_HOST)";
				CODE_SIGN_STYLE = Automatic;
				CURRENT_PROJECT_VERSION = 1;
				GENERATE_INFOPLIST_FILE = YES;
				IPHONEOS_DEPLOYMENT_TARGET = 18.5;
				MARKETING_VERSION = 1.0;
				PRODUCT_BUNDLE_IDENTIFIER = IOS.deosinaPW1Tests;
				PRODUCT_NAME = "$(TARGET_NAME)";
				SWIFT_EMIT_LOC_STRINGS = NO;
				SWIFT_VERSION = 5.0;
				TARGETED_DEVICE_FAMILY = "1,2";
				TEST_HOST = "$(BUILT_PRODUCTS_DIR)/deosinaPW1.app/$(BUNDLE_EXECUTABLE_FOLDER_PATH)/deosinaPW1";
			};
			name = Release;
		};
		20DEFA802E75A41000C61CB1 /* Debug */ = {
			isa = XCBuildConfiguration;
			buildSettings = {
				CODE_SIGN_STYLE = Automatic;
				CURRENT_PROJECT_VERSION = 1;
				GENERATE_INFOPLIST_FILE = YES;
				MARKETING_VERSION = 1.0;
				PRODUCT_BUNDLE_IDENTIFIER = IOS.deosinaPW1UITests;
				PRODUCT_NAME = "$(TARGET_NAME)";
				SWIFT_EMIT_LOC_STRINGS = NO;
				SWIFT_VERSION = 5.0;
				TARGETED_DEVICE_FAMILY = "1,2";
				TEST_TARGET_NAME = deosinaPW1;
			};
			name = Debug;
		};
		20DEFA812E75A41000C61CB1 /* Release */ = {
			isa = XCBuildConfiguration;
			buildSettings = {
				CODE_SIGN_STYLE = Automatic;
				CURRENT_PROJECT_VERSION = 1;
				GENERATE_INFOPLIST_FILE = YES;
				MARKETING_VERSION = 1.0;
				PRODUCT_BUNDLE_IDENTIFIER = IOS.deosinaPW1UITests;
				PRODUCT_NAME = "$(TARGET_NAME)";
				SWIFT_EMIT_LOC_STRINGS = NO;
				SWIFT_VERSION = 5.0;
				TARGETED_DEVICE_FAMILY = "1,2";
				TEST_TARGET_NAME = deosinaPW1;
			};
			name = Release;
		};
/* End XCBuildConfiguration section */

/* Begin XCConfigurationList section */
		20DEFA492E75A40F00C61CB1 /* Build configuration list for PBXProject "deosinaPW1" */ = {
			isa = XCConfigurationList;
			buildConfigurations = (
				20DEFA7A2E75A41000C61CB1 /* Debug */,
				20DEFA7B2E75A41000C61CB1 /* Release */,
			);
			defaultConfigurationIsVisible = 0;
			defaultConfigurationName = Release;
		};
		20DEFA772E75A41000C61CB1 /* Build configuration list for PBXNativeTarget "deosinaPW1" */ = {
			isa = XCConfigurationList;
			buildConfigurations = (
				20DEFA782E75A41000C61CB1 /* Debug */,
				20DEFA792E75A41000C61CB1 /* Release */,
			);
			defaultConfigurationIsVisible = 0;
			defaultConfigurationName = Release;
		};
		20DEFA7C2E75A41000C61CB1 /* Build configuration list for PBXNativeTarget "deosinaPW1Tests" */ = {
			isa = XCConfigurationList;
			buildConfigurations = (
				20DEFA7D2E75A41000C61CB1 /* Debug */,
				20DEFA7E2E75A41000C61CB1 /* Release */,
			);
			defaultConfigurationIsVisible = 0;
			defaultConfigurationName = Release;
		};
		20DEFA7F2E75A41000C61CB1 /* Build configuration list for PBXNativeTarget "deosinaPW1UITests" */ = {
			isa = XCConfigurationList;
			buildConfigurations = (
				20DEFA802E75A41000C61CB1 /* Debug */,
				20DEFA812E75A41000C61CB1 /* Release */,
			);
			defaultConfigurationIsVisible = 0;
			defaultConfigurationName = Release;
		};
/* End XCConfigurationList section */
	};
	rootObject = 20DEFA462E75A40F00C61CB1 /* Project object */;
}
